
Microsoft Visual Studio Solution File, Format Version 12.00
# Visual Studio 14
VisualStudioVersion = 14.0.25420.1
MinimumVisualStudioVersion = 10.0.40219.1
Project("{FAE04EC0-301F-11D3-BF4B-00C04F79EFBC}") = "1_SuNombre", "1_SuNombre\1_SuNombre.csproj", "{1B128197-ACFC-4705-BC7E-0CA8B17005CC}"
EndProject
Global
	GlobalSection(SolutionConfigurationPlatforms) = preSolution
		Debug|Any CPU = Debug|Any CPU
		Release|Any CPU = Release|Any CPU
	EndGlobalSection
	GlobalSection(ProjectConfigurationPlatforms) = postSolution
		{1B128197-ACFC-4705-BC7E-0CA8B17005CC}.Debug|Any CPU.ActiveCfg = Debug|Any CPU
		{1B128197-ACFC-4705-BC7E-0CA8B17005CC}.Debug|Any CPU.Build.0 = Debug|Any CPU
		{1B128197-ACFC-4705-BC7E-0CA8B17005CC}.Release|Any CPU.ActiveCfg = Release|Any CPU
		{1B128197-ACFC-4705-BC7E-0CA8B17005CC}.Release|Any CPU.Build.0 = Release|Any CPU
	EndGlobalSection
	GlobalSection(SolutionProperties) = preSolution
		HideSolutionNode = FALSE
	EndGlobalSection
EndGlobal
